
Microsoft Visual Studio Solution File, Format Version 12.00
# Visual Studio 14
VisualStudioVersion = 14.0.25420.1
MinimumVisualStudioVersion = 10.0.40219.1
Project("{2150E333-8FDC-42A3-9474-1A3956D46DE8}") = "2 - Application", "2 - Application", "{9AF658DA-5227-4A74-8194-F2CC74FB7760}"
EndProject
Project("{2150E333-8FDC-42A3-9474-1A3956D46DE8}") = "3 - Domain", "3 - Domain", "{5E9CD909-7F13-4113-AC9C-E4D26B50CB87}"
EndProject
Project("{2150E333-8FDC-42A3-9474-1A3956D46DE8}") = "4 - Infra", "4 - Infra", "{84305ACB-26F7-4C55-9021-3AFEFB955418}"
EndProject
Project("{2150E333-8FDC-42A3-9474-1A3956D46DE8}") = "4.1 - Data", "4.1 - Data", "{E3020C8B-29B3-4E21-911F-52D0686281F7}"
EndProject
Project("{FAE04EC0-301F-11D3-BF4B-00C04F79EFBC}") = "InsuranceServices.Infra.Data", "InsuranceService.Infra.Data\InsuranceServices.Infra.Data.csproj", "{E137333A-E7B9-43F5-AB8D-1A6D6C4C97F5}"
EndProject
Project("{FAE04EC0-301F-11D3-BF4B-00C04F79EFBC}") = "InsuranceServices.Domain", "InsuranceServices.Domain\InsuranceServices.Domain.csproj", "{EFF38EAE-B1A8-4950-A8E3-14CC1F63C337}"
EndProject
Project("{FAE04EC0-301F-11D3-BF4B-00C04F79EFBC}") = "InsuranceServices.Domain.Tests", "InsuranceServices.Domain.Tests\InsuranceServices.Domain.Tests.csproj", "{BBF65CD1-0F08-4700-B44C-269F85435968}"
EndProject
Project("{FAE04EC0-301F-11D3-BF4B-00C04F79EFBC}") = "InsuranceServices.Application", "InsuranceServices.Application\InsuranceServices.Application.csproj", "{5D21C194-8F5D-4800-AF8F-C706DB8A2BBA}"
EndProject
Project("{FAE04EC0-301F-11D3-BF4B-00C04F79EFBC}") = "InsuranceServices.Application.Tests", "InsuranceServices.Application.Tests\InsuranceServices.Application.Tests.csproj", "{119F5899-2DBF-4C49-812A-5C7F6F975392}"
EndProject
Project("{2150E333-8FDC-42A3-9474-1A3956D46DE8}") = "4.2 - CrossCutting", "4.2 - CrossCutting", "{A0E75F50-A955-47B9-8EC5-36180F1C9C34}"
EndProject
Project("{FAE04EC0-301F-11D3-BF4B-00C04F79EFBC}") = "InsuranceServices.Infra.CrossCutting.KickOff", "InsuranceServices.Infra.CrossCutting.KickOff\InsuranceServices.Infra.CrossCutting.KickOff.csproj", "{F2618DE4-A88C-4CF7-8226-0945CE8EB709}"
EndProject
Project("{2150E333-8FDC-42A3-9474-1A3956D46DE8}") = "1 - Presentation", "1 - Presentation", "{78386269-CE0D-4279-B509-166F0344EACD}"
EndProject
Project("{FAE04EC0-301F-11D3-BF4B-00C04F79EFBC}") = "InsurranceServices.MVC", "InsurranceServices.MVC\InsurranceServices.MVC.csproj", "{2C0E9A56-9D7E-4490-8572-80439B0B4BC6}"
EndProject
Global
	GlobalSection(SolutionConfigurationPlatforms) = preSolution
		Debug|Any CPU = Debug|Any CPU
		Release|Any CPU = Release|Any CPU
	EndGlobalSection
	GlobalSection(ProjectConfigurationPlatforms) = postSolution
		{E137333A-E7B9-43F5-AB8D-1A6D6C4C97F5}.Debug|Any CPU.ActiveCfg = Debug|Any CPU
		{E137333A-E7B9-43F5-AB8D-1A6D6C4C97F5}.Debug|Any CPU.Build.0 = Debug|Any CPU
		{E137333A-E7B9-43F5-AB8D-1A6D6C4C97F5}.Release|Any CPU.ActiveCfg = Release|Any CPU
		{E137333A-E7B9-43F5-AB8D-1A6D6C4C97F5}.Release|Any CPU.Build.0 = Release|Any CPU
		{EFF38EAE-B1A8-4950-A8E3-14CC1F63C337}.Debug|Any CPU.ActiveCfg = Debug|Any CPU
		{EFF38EAE-B1A8-4950-A8E3-14CC1F63C337}.Debug|Any CPU.Build.0 = Debug|Any CPU
		{EFF38EAE-B1A8-4950-A8E3-14CC1F63C337}.Release|Any CPU.ActiveCfg = Release|Any CPU
		{EFF38EAE-B1A8-4950-A8E3-14CC1F63C337}.Release|Any CPU.Build.0 = Release|Any CPU
		{BBF65CD1-0F08-4700-B44C-269F85435968}.Debug|Any CPU.ActiveCfg = Debug|Any CPU
		{BBF65CD1-0F08-4700-B44C-269F85435968}.Debug|Any CPU.Build.0 = Debug|Any CPU
		{BBF65CD1-0F08-4700-B44C-269F85435968}.Release|Any CPU.ActiveCfg = Release|Any CPU
		{BBF65CD1-0F08-4700-B44C-269F85435968}.Release|Any CPU.Build.0 = Release|Any CPU
		{5D21C194-8F5D-4800-AF8F-C706DB8A2BBA}.Debug|Any CPU.ActiveCfg = Debug|Any CPU
		{5D21C194-8F5D-4800-AF8F-C706DB8A2BBA}.Debug|Any CPU.Build.0 = Debug|Any CPU
		{5D21C194-8F5D-4800-AF8F-C706DB8A2BBA}.Release|Any CPU.ActiveCfg = Release|Any CPU
		{5D21C194-8F5D-4800-AF8F-C706DB8A2BBA}.Release|Any CPU.Build.0 = Release|Any CPU
		{119F5899-2DBF-4C49-812A-5C7F6F975392}.Debug|Any CPU.ActiveCfg = Debug|Any CPU
		{119F5899-2DBF-4C49-812A-5C7F6F975392}.Debug|Any CPU.Build.0 = Debug|Any CPU
		{119F5899-2DBF-4C49-812A-5C7F6F975392}.Release|Any CPU.ActiveCfg = Release|Any CPU
		{119F5899-2DBF-4C49-812A-5C7F6F975392}.Release|Any CPU.Build.0 = Release|Any CPU
		{F2618DE4-A88C-4CF7-8226-0945CE8EB709}.Debug|Any CPU.ActiveCfg = Debug|Any CPU
		{F2618DE4-A88C-4CF7-8226-0945CE8EB709}.Debug|Any CPU.Build.0 = Debug|Any CPU
		{F2618DE4-A88C-4CF7-8226-0945CE8EB709}.Release|Any CPU.ActiveCfg = Release|Any CPU
		{F2618DE4-A88C-4CF7-8226-0945CE8EB709}.Release|Any CPU.Build.0 = Release|Any CPU
		{2C0E9A56-9D7E-4490-8572-80439B0B4BC6}.Debug|Any CPU.ActiveCfg = Debug|Any CPU
		{2C0E9A56-9D7E-4490-8572-80439B0B4BC6}.Debug|Any CPU.Build.0 = Debug|Any CPU
		{2C0E9A56-9D7E-4490-8572-80439B0B4BC6}.Release|Any CPU.ActiveCfg = Release|Any CPU
		{2C0E9A56-9D7E-4490-8572-80439B0B4BC6}.Release|Any CPU.Build.0 = Release|Any CPU
	EndGlobalSection
	GlobalSection(SolutionProperties) = preSolution
		HideSolutionNode = FALSE
	EndGlobalSection
	GlobalSection(NestedProjects) = preSolution
		{E3020C8B-29B3-4E21-911F-52D0686281F7} = {84305ACB-26F7-4C55-9021-3AFEFB955418}
		{E137333A-E7B9-43F5-AB8D-1A6D6C4C97F5} = {E3020C8B-29B3-4E21-911F-52D0686281F7}
		{EFF38EAE-B1A8-4950-A8E3-14CC1F63C337} = {5E9CD909-7F13-4113-AC9C-E4D26B50CB87}
		{BBF65CD1-0F08-4700-B44C-269F85435968} = {5E9CD909-7F13-4113-AC9C-E4D26B50CB87}
		{5D21C194-8F5D-4800-AF8F-C706DB8A2BBA} = {9AF658DA-5227-4A74-8194-F2CC74FB7760}
		{119F5899-2DBF-4C49-812A-5C7F6F975392} = {9AF658DA-5227-4A74-8194-F2CC74FB7760}
		{A0E75F50-A955-47B9-8EC5-36180F1C9C34} = {84305ACB-26F7-4C55-9021-3AFEFB955418}
		{F2618DE4-A88C-4CF7-8226-0945CE8EB709} = {A0E75F50-A955-47B9-8EC5-36180F1C9C34}
		{2C0E9A56-9D7E-4490-8572-80439B0B4BC6} = {78386269-CE0D-4279-B509-166F0344EACD}
	EndGlobalSection
EndGlobal
